
Microsoft Visual Studio Solution File, Format Version 12.00
# Visual Studio 15
VisualStudioVersion = 15.0.26430.16
MinimumVisualStudioVersion = 10.0.40219.1
Project("{FAE04EC0-301F-11D3-BF4B-00C04F79EFBC}") = "AdHocPOC", "AdHocPOC\AdHocPOC.csproj", "{ED8A62DA-73AD-45F5-BBA0-6B8DB7B2C57A}"
EndProject
Global
	GlobalSection(SolutionConfigurationPlatforms) = preSolution
		Debug|Any CPU = Debug|Any CPU
		Release|Any CPU = Release|Any CPU
	EndGlobalSection
	GlobalSection(ProjectConfigurationPlatforms) = postSolution
		{ED8A62DA-73AD-45F5-BBA0-6B8DB7B2C57A}.Debug|Any CPU.ActiveCfg = Debug|Any CPU
		{ED8A62DA-73AD-45F5-BBA0-6B8DB7B2C57A}.Debug|Any CPU.Build.0 = Debug|Any CPU
		{ED8A62DA-73AD-45F5-BBA0-6B8DB7B2C57A}.Release|Any CPU.ActiveCfg = Release|Any CPU
		{ED8A62DA-73AD-45F5-BBA0-6B8DB7B2C57A}.Release|Any CPU.Build.0 = Release|Any CPU
	EndGlobalSection
	GlobalSection(SolutionProperties) = preSolution
		HideSolutionNode = FALSE
	EndGlobalSection
EndGlobal
